// !$*UTF8*$!
{
	archiveVersion = 1;
	classes = {
	};
	objectVersion = 46;
	objects = {

/* Begin PBXBuildFile section */
		5F4B34AC192A5B3C0028721F /* Foundation.framework in Frameworks */ = {isa = PBXBuildFile; fileRef = 5F4B34AB192A5B3C0028721F /* Foundation.framework */; };
		5F4B34AE192A5B3C0028721F /* CoreGraphics.framework in Frameworks */ = {isa = PBXBuildFile; fileRef = 5F4B34AD192A5B3C0028721F /* CoreGraphics.framework */; };
		5F4B34B0192A5B3C0028721F /* UIKit.framework in Frameworks */ = {isa = PBXBuildFile; fileRef = 5F4B34AF192A5B3C0028721F /* UIKit.framework */; };
		5F4B34B6192A5B3C0028721F /* InfoPlist.strings in Resources */ = {isa = PBXBuildFile; fileRef = 5F4B34B4192A5B3C0028721F /* InfoPlist.strings */; };
		5F4B34B8192A5B3C0028721F /* main.m in Sources */ = {isa = PBXBuildFile; fileRef = 5F4B34B7192A5B3C0028721F /* main.m */; };
		5F4B34BC192A5B3C0028721F /* MIHAppDelegate.m in Sources */ = {isa = PBXBuildFile; fileRef = 5F4B34BB192A5B3C0028721F /* MIHAppDelegate.m */; };
		5F4B34BF192A5B3C0028721F /* Main.storyboard in Resources */ = {isa = PBXBuildFile; fileRef = 5F4B34BD192A5B3C0028721F /* Main.storyboard */; };
		5F4B34C2192A5B3C0028721F /* MIHViewController.m in Sources */ = {isa = PBXBuildFile; fileRef = 5F4B34C1192A5B3C0028721F /* MIHViewController.m */; };
		5F4B34C4192A5B3C0028721F /* Images.xcassets in Resources */ = {isa = PBXBuildFile; fileRef = 5F4B34C3192A5B3C0028721F /* Images.xcassets */; };
		5F4B34E5192A64250028721F /* MIHQRCodeView.m in Sources */ = {isa = PBXBuildFile; fileRef = 5F4B34E4192A64250028721F /* MIHQRCodeView.m */; };
/* End PBXBuildFile section */

/* Begin PBXFileReference section */
		5F4B34A8192A5B3C0028721F /* MIHQRCodeViewSample.app */ = {isa = PBXFileReference; explicitFileType = wrapper.application; includeInIndex = 0; path = MIHQRCodeViewSample.app; sourceTree = BUILT_PRODUCTS_DIR; };
		5F4B34AB192A5B3C0028721F /* Foundation.framework */ = {isa = PBXFileReference; lastKnownFileType = wrapper.framework; name = Foundation.framework; path = System/Library/Frameworks/Foundation.framework; sourceTree = SDKROOT; };
		5F4B34AD192A5B3C0028721F /* CoreGraphics.framework */ = {isa = PBXFileReference; lastKnownFileType = wrapper.framework; name = CoreGraphics.framework; path = System/Library/Frameworks/CoreGraphics.framework; sourceTree = SDKROOT; };
		5F4B34AF192A5B3C0028721F /* UIKit.framework */ = {isa = PBXFileReference; lastKnownFileType = wrapper.framework; name = UIKit.framework; path = System/Library/Frameworks/UIKit.framework; sourceTree = SDKROOT; };
		5F4B34B3192A5B3C0028721F /* MIHQRCodeViewSample-Info.plist */ = {isa = PBXFileReference; lastKnownFileType = text.plist.xml; path = "MIHQRCodeViewSample-Info.plist"; sourceTree = "<group>"; };
		5F4B34B5192A5B3C0028721F /* en */ = {isa = PBXFileReference; lastKnownFileType = text.plist.strings; name = en; path = en.lproj/InfoPlist.strings; sourceTree = "<group>"; };
		5F4B34B7192A5B3C0028721F /* main.m */ = {isa = PBXFileReference; lastKnownFileType = sourcecode.c.objc; path = main.m; sourceTree = "<group>"; };
		5F4B34B9192A5B3C0028721F /* MIHQRCodeViewSample-Prefix.pch */ = {isa = PBXFileReference; lastKnownFileType = sourcecode.c.h; path = "MIHQRCodeViewSample-Prefix.pch"; sourceTree = "<group>"; };
		5F4B34BA192A5B3C0028721F /* MIHAppDelegate.h */ = {isa = PBXFileReference; lastKnownFileType = sourcecode.c.h; path = MIHAppDelegate.h; sourceTree = "<group>"; };
		5F4B34BB192A5B3C0028721F /* MIHAppDelegate.m */ = {isa = PBXFileReference; lastKnownFileType = sourcecode.c.objc; path = MIHAppDelegate.m; sourceTree = "<group>"; };
		5F4B34BE192A5B3C0028721F /* Base */ = {isa = PBXFileReference; lastKnownFileType = file.storyboard; name = Base; path = Base.lproj/Main.storyboard; sourceTree = "<group>"; };
		5F4B34C0192A5B3C0028721F /* MIHViewController.h */ = {isa = PBXFileReference; lastKnownFileType = sourcecode.c.h; path = MIHViewController.h; sourceTree = "<group>"; };
		5F4B34C1192A5B3C0028721F /* MIHViewController.m */ = {isa = PBXFileReference; lastKnownFileType = sourcecode.c.objc; path = MIHViewController.m; sourceTree = "<group>"; };
		5F4B34C3192A5B3C0028721F /* Images.xcassets */ = {isa = PBXFileReference; lastKnownFileType = folder.assetcatalog; path = Images.xcassets; sourceTree = "<group>"; };
		5F4B34CA192A5B3C0028721F /* XCTest.framework */ = {isa = PBXFileReference; lastKnownFileType = wrapper.framework; name = XCTest.framework; path = Library/Frameworks/XCTest.framework; sourceTree = DEVELOPER_DIR; };
		5F4B34E3192A64250028721F /* MIHQRCodeView.h */ = {isa = PBXFileReference; fileEncoding = 4; lastKnownFileType = sourcecode.c.h; name = MIHQRCodeView.h; path = ../../Classes/MIHQRCodeView.h; sourceTree = "<group>"; };
		5F4B34E4192A64250028721F /* MIHQRCodeView.m */ = {isa = PBXFileReference; fileEncoding = 4; lastKnownFileType = sourcecode.c.objc; name = MIHQRCodeView.m; path = ../../Classes/MIHQRCodeView.m; sourceTree = "<group>"; };
/* End PBXFileReference section */

/* Begin PBXFrameworksBuildPhase section */
		5F4B34A5192A5B3C0028721F /* Frameworks */ = {
			isa = PBXFrameworksBuildPhase;
			buildActionMask = 2147483647;
			files = (
				5F4B34AE192A5B3C0028721F /* CoreGraphics.framework in Frameworks */,
				5F4B34B0192A5B3C0028721F /* UIKit.framework in Frameworks */,
				5F4B34AC192A5B3C0028721F /* Foundation.framework in Frameworks */,
			);
			runOnlyForDeploymentPostprocessing = 0;
		};
/* End PBXFrameworksBuildPhase section */

/* Begin PBXGroup section */
		5F4B349F192A5B3C0028721F = {
			isa = PBXGroup;
			children = (
				5F4B34B1192A5B3C0028721F /* MIHQRCodeViewSample */,
				5F4B34E6192A642F0028721F /* MIHQRCodeView */,
				5F4B34AA192A5B3C0028721F /* Frameworks */,
				5F4B34A9192A5B3C0028721F /* Products */,
			);
			sourceTree = "<group>";
		};
		5F4B34A9192A5B3C0028721F /* Products */ = {
			isa = PBXGroup;
			children = (
				5F4B34A8192A5B3C0028721F /* MIHQRCodeViewSample.app */,
			);
			name = Products;
			sourceTree = "<group>";
		};
		5F4B34AA192A5B3C0028721F /* Frameworks */ = {
			isa = PBXGroup;
			children = (
				5F4B34AB192A5B3C0028721F /* Foundation.framework */,
				5F4B34AD192A5B3C0028721F /* CoreGraphics.framework */,
				5F4B34AF192A5B3C0028721F /* UIKit.framework */,
				5F4B34CA192A5B3C0028721F /* XCTest.framework */,
			);
			name = Frameworks;
			sourceTree = "<group>";
		};
		5F4B34B1192A5B3C0028721F /* MIHQRCodeViewSample */ = {
			isa = PBXGroup;
			children = (
				5F4B34BA192A5B3C0028721F /* MIHAppDelegate.h */,
				5F4B34BB192A5B3C0028721F /* MIHAppDelegate.m */,
				5F4B34BD192A5B3C0028721F /* Main.storyboard */,
				5F4B34C0192A5B3C0028721F /* MIHViewController.h */,
				5F4B34C1192A5B3C0028721F /* MIHViewController.m */,
				5F4B34C3192A5B3C0028721F /* Images.xcassets */,
				5F4B34B2192A5B3C0028721F /* Supporting Files */,
			);
			path = MIHQRCodeViewSample;
			sourceTree = "<group>";
		};
		5F4B34B2192A5B3C0028721F /* Supporting Files */ = {
			isa = PBXGroup;
			children = (
				5F4B34B3192A5B3C0028721F /* MIHQRCodeViewSample-Info.plist */,
				5F4B34B4192A5B3C0028721F /* InfoPlist.strings */,
				5F4B34B7192A5B3C0028721F /* main.m */,
				5F4B34B9192A5B3C0028721F /* MIHQRCodeViewSample-Prefix.pch */,
			);
			name = "Supporting Files";
			sourceTree = "<group>";
		};
		5F4B34E6192A642F0028721F /* MIHQRCodeView */ = {
			isa = PBXGroup;
			children = (
				5F4B34E3192A64250028721F /* MIHQRCodeView.h */,
				5F4B34E4192A64250028721F /* MIHQRCodeView.m */,
			);
			name = MIHQRCodeView;
			path = MIHQRCodeViewSample;
			sourceTree = "<group>";
		};
/* End PBXGroup section */

/* Begin PBXNativeTarget section */
		5F4B34A7192A5B3C0028721F /* MIHQRCodeViewSample */ = {
			isa = PBXNativeTarget;
			buildConfigurationList = 5F4B34DA192A5B3C0028721F /* Build configuration list for PBXNativeTarget "MIHQRCodeViewSample" */;
			buildPhases = (
				5F4B34A4192A5B3C0028721F /* Sources */,
				5F4B34A5192A5B3C0028721F /* Frameworks */,
				5F4B34A6192A5B3C0028721F /* Resources */,
			);
			buildRules = (
			);
			dependencies = (
			);
			name = MIHQRCodeViewSample;
			productName = MIHQRCodeViewSample;
			productReference = 5F4B34A8192A5B3C0028721F /* MIHQRCodeViewSample.app */;
			productType = "com.apple.product-type.application";
		};
/* End PBXNativeTarget section */

/* Begin PBXProject section */
		5F4B34A0192A5B3C0028721F /* Project object */ = {
			isa = PBXProject;
			attributes = {
				CLASSPREFIX = MIH;
				LastUpgradeCheck = 0510;
				ORGANIZATIONNAME = "Michael Hohl";
			};
			buildConfigurationList = 5F4B34A3192A5B3C0028721F /* Build configuration list for PBXProject "MIHQRCodeViewSample" */;
			compatibilityVersion = "Xcode 3.2";
			developmentRegion = English;
			hasScannedForEncodings = 0;
			knownRegions = (
				en,
				Base,
			);
			mainGroup = 5F4B349F192A5B3C0028721F;
			productRefGroup = 5F4B34A9192A5B3C0028721F /* Products */;
			projectDirPath = "";
			projectRoot = "";
			targets = (
				5F4B34A7192A5B3C0028721F /* MIHQRCodeViewSample */,
			);
		};
/* End PBXProject section */

/* Begin PBXResourcesBuildPhase section */
		5F4B34A6192A5B3C0028721F /* Resources */ = {
			isa = PBXResourcesBuildPhase;
			buildActionMask = 2147483647;
			files = (
				5F4B34C4192A5B3C0028721F /* Images.xcassets in Resources */,
				5F4B34B6192A5B3C0028721F /* InfoPlist.strings in Resources */,
				5F4B34BF192A5B3C0028721F /* Main.storyboard in Resources */,
			);
			runOnlyForDeploymentPostprocessing = 0;
		};
/* End PBXResourcesBuildPhase section */

/* Begin PBXSourcesBuildPhase section */
		5F4B34A4192A5B3C0028721F /* Sources */ = {
			isa = PBXSourcesBuildPhase;
			buildActionMask = 2147483647;
			files = (
				5F4B34B8192A5B3C0028721F /* main.m in Sources */,
				5F4B34E5192A64250028721F /* MIHQRCodeView.m in Sources */,
				5F4B34C2192A5B3C0028721F /* MIHViewController.m in Sources */,
				5F4B34BC192A5B3C0028721F /* MIHAppDelegate.m in Sources */,
			);
			runOnlyForDeploymentPostprocessing = 0;
		};
/* End PBXSourcesBuildPhase section */

/* Begin PBXVariantGroup section */
		5F4B34B4192A5B3C0028721F /* InfoPlist.strings */ = {
			isa = PBXVariantGroup;
			children = (
				5F4B34B5192A5B3C0028721F /* en */,
			);
			name = InfoPlist.strings;
			sourceTree = "<group>";
		};
		5F4B34BD192A5B3C0028721F /* Main.storyboard */ = {
			isa = PBXVariantGroup;
			children = (
				5F4B34BE192A5B3C0028721F /* Base */,
			);
			name = Main.storyboard;
			sourceTree = "<group>";
		};
/* End PBXVariantGroup section */

/* Begin XCBuildConfiguration section */
		5F4B34D8192A5B3C0028721F /* Debug */ = {
			isa = XCBuildConfiguration;
			buildSettings = {
				ALWAYS_SEARCH_USER_PATHS = NO;
				CLANG_CXX_LANGUAGE_STANDARD = "gnu++0x";
				CLANG_CXX_LIBRARY = "libc++";
				CLANG_ENABLE_MODULES = YES;
				CLANG_ENABLE_OBJC_ARC = YES;
				CLANG_WARN_BOOL_CONVERSION = YES;
				CLANG_WARN_CONSTANT_CONVERSION = YES;
				CLANG_WARN_DIRECT_OBJC_ISA_USAGE = YES_ERROR;
				CLANG_WARN_EMPTY_BODY = YES;
				CLANG_WARN_ENUM_CONVERSION = YES;
				CLANG_WARN_INT_CONVERSION = YES;
				CLANG_WARN_OBJC_ROOT_CLASS = YES_ERROR;
				CLANG_WARN__DUPLICATE_METHOD_MATCH = YES;
				"CODE_SIGN_IDENTITY[sdk=iphoneos*]" = "iPhone Developer";
				COPY_PHASE_STRIP = NO;
				GCC_C_LANGUAGE_STANDARD = gnu99;
				GCC_DYNAMIC_NO_PIC = NO;
				GCC_OPTIMIZATION_LEVEL = 0;
				GCC_PREPROCESSOR_DEFINITIONS = (
					"DEBUG=1",
					"$(inherited)",
				);
				GCC_SYMBOLS_PRIVATE_EXTERN = NO;
				GCC_WARN_64_TO_32_BIT_CONVERSION = YES;
				GCC_WARN_ABOUT_RETURN_TYPE = YES_ERROR;
				GCC_WARN_UNDECLARED_SELECTOR = YES;
				GCC_WARN_UNINITIALIZED_AUTOS = YES_AGGRESSIVE;
				GCC_WARN_UNUSED_FUNCTION = YES;
				GCC_WARN_UNUSED_VARIABLE = YES;
				IPHONEOS_DEPLOYMENT_TARGET = 7.1;
				ONLY_ACTIVE_ARCH = YES;
				SDKROOT = iphoneos;
			};
			name = Debug;
		};
		5F4B34D9192A5B3C0028721F /* Release */ = {
			isa = XCBuildConfiguration;
			buildSettings = {
				ALWAYS_SEARCH_USER_PATHS = NO;
				CLANG_CXX_LANGUAGE_STANDARD = "gnu++0x";
				CLANG_CXX_LIBRARY = "libc++";
				CLANG_ENABLE_MODULES = YES;
				CLANG_ENABLE_OBJC_ARC = YES;
				CLANG_WARN_BOOL_CONVERSION = YES;
				CLANG_WARN_CONSTANT_CONVERSION = YES;
				CLANG_WARN_DIRECT_OBJC_ISA_USAGE = YES_ERROR;
				CLANG_WARN_EMPTY_BODY = YES;
				CLANG_WARN_ENUM_CONVERSION = YES;
				CLANG_WARN_INT_CONVERSION = YES;
				CLANG_WARN_OBJC_ROOT_CLASS = YES_ERROR;
				CLANG_WARN__DUPLICATE_METHOD_MATCH = YES;
				"CODE_SIGN_IDENTITY[sdk=iphoneos*]" = "iPhone Developer";
				COPY_PHASE_STRIP = YES;
				ENABLE_NS_ASSERTIONS = NO;
				GCC_C_LANGUAGE_STANDARD = gnu99;
				GCC_WARN_64_TO_32_BIT_CONVERSION = YES;
				GCC_WARN_ABOUT_RETURN_TYPE = YES_ERROR;
				GCC_WARN_UNDECLARED_SELECTOR = YES;
				GCC_WARN_UNINITIALIZED_AUTOS = YES_AGGRESSIVE;
				GCC_WARN_UNUSED_FUNCTION = YES;
				GCC_WARN_UNUSED_VARIABLE = YES;
				IPHONEOS_DEPLOYMENT_TARGET = 7.1;
				SDKROOT = iphoneos;
				VALIDATE_PRODUCT = YES;
			};
			name = Release;
		};
		5F4B34DB192A5B3C0028721F /* Debug */ = {
			isa = XCBuildConfiguration;
			buildSettings = {
				ASSETCATALOG_COMPILER_APPICON_NAME = AppIcon;
				ASSETCATALOG_COMPILER_LAUNCHIMAGE_NAME = LaunchImage;
				GCC_PRECOMPILE_PREFIX_HEADER = YES;
				GCC_PREFIX_HEADER = "MIHQRCodeViewSample/MIHQRCodeViewSample-Prefix.pch";
				INFOPLIST_FILE = "MIHQRCodeViewSample/MIHQRCodeViewSample-Info.plist";
				PRODUCT_NAME = "$(TARGET_NAME)";
				WRAPPER_EXTENSION = app;
			};
			name = Debug;
		};
		5F4B34DC192A5B3C0028721F /* Release */ = {
			isa = XCBuildConfiguration;
			buildSettings = {
				ASSETCATALOG_COMPILER_APPICON_NAME = AppIcon;
				ASSETCATALOG_COMPILER_LAUNCHIMAGE_NAME = LaunchImage;
				GCC_PRECOMPILE_PREFIX_HEADER = YES;
				GCC_PREFIX_HEADER = "MIHQRCodeViewSample/MIHQRCodeViewSample-Prefix.pch";
				INFOPLIST_FILE = "MIHQRCodeViewSample/MIHQRCodeViewSample-Info.plist";
				PRODUCT_NAME = "$(TARGET_NAME)";
				WRAPPER_EXTENSION = app;
			};
			name = Release;
		};
/* End XCBuildConfiguration section */

/* Begin XCConfigurationList section */
		5F4B34A3192A5B3C0028721F /* Build configuration list for PBXProject "MIHQRCodeViewSample" */ = {
			isa = XCConfigurationList;
			buildConfigurations = (
				5F4B34D8192A5B3C0028721F /* Debug */,
				5F4B34D9192A5B3C0028721F /* Release */,
			);
			defaultConfigurationIsVisible = 0;
			defaultConfigurationName = Release;
		};
		5F4B34DA192A5B3C0028721F /* Build configuration list for PBXNativeTarget "MIHQRCodeViewSample" */ = {
			isa = XCConfigurationList;
			buildConfigurations = (
				5F4B34DB192A5B3C0028721F /* Debug */,
				5F4B34DC192A5B3C0028721F /* Release */,
			);
			defaultConfigurationIsVisible = 0;
			defaultConfigurationName = Release;
		};
/* End XCConfigurationList section */
	};
	rootObject = 5F4B34A0192A5B3C0028721F /* Project object */;
}
